<?xml version="1.0" encoding="utf-8"?>
<Project ToolsVersion="4.0" xmlns="http://schemas.microsoft.com/developer/msbuild/2003">
  <ItemGroup>
    <Filter Include="Source Files">
      <UniqueIdentifier>{097cdce7-0f91-46fd-b1e9-aef463144936}</UniqueIdentifier>
    </Filter>
    <Filter Include="Generated Files">
      <UniqueIdentifier>{d4a6baf0-e969-4f88-ac1f-e06ab4214809}</UniqueIdentifier>
      <SourceControlFiles>False</SourceControlFiles>
    </Filter>
  </ItemGroup>
  <ItemGroup>
    <None Include="uomschatps.def" />
  </ItemGroup>
  <ItemGroup>
    <ClCompile Include="uomschat_i.c">
      <Filter>Generated Files</Filter>
    </ClCompile>
    <ClCompile Include="uomschat_p.c">
      <Filter>Generated Files</Filter>
    </ClCompile>
    <ClCompile Include="dlldata.c">
      <Filter>Generated Files</Filter>
    </ClCompile>
  </ItemGroup>
</Project>