<?xml version="1.0" encoding="utf-8"?>
<Project ToolsVersion="4.0" xmlns="http://schemas.microsoft.com/developer/msbuild/2003">
  <ItemGroup>
    <Filter Include="Source Files">
      <UniqueIdentifier>{4FC737F1-C7A5-4376-A066-2A32D752A2FF}</UniqueIdentifier>
      <Extensions>cpp;c;cc;cxx;def;odl;idl;hpj;bat;asm;asmx</Extensions>
    </Filter>
    <Filter Include="Header Files">
      <UniqueIdentifier>{93995380-89BD-4b04-88EB-625FBE52EBFB}</UniqueIdentifier>
      <Extensions>h;hpp;hxx;hm;inl;inc;xsd</Extensions>
    </Filter>
    <Filter Include="Resource Files">
      <UniqueIdentifier>{67DA6AB6-F800-4c08-8B7A-83BB121AAD01}</UniqueIdentifier>
      <Extensions>rc;ico;cur;bmp;dlg;rc2;rct;bin;rgs;gif;jpg;jpeg;jpe;resx;tiff;tif;png;wav;mfcribbon-ms</Extensions>
    </Filter>
    <Filter Include="Generated Files">
      <UniqueIdentifier>{0c4e7ac4-ee89-4574-b3af-002e2d8319cb}</UniqueIdentifier>
      <SourceControlFiles>False</SourceControlFiles>
    </Filter>
    <Filter Include="Content Files">
      <UniqueIdentifier>{24a7dc70-7319-4d34-9d0c-b5c009695af0}</UniqueIdentifier>
    </Filter>
  </ItemGroup>
  <ItemGroup>
    <ClCompile Include="stdafx.cpp">
      <Filter>Source Files</Filter>
    </ClCompile>
    <ClCompile Include="uomschat.cpp">
      <Filter>Source Files</Filter>
    </ClCompile>
    <ClCompile Include="dllmain.cpp">
      <Filter>Source Files</Filter>
    </ClCompile>
    <ClCompile Include="uomschat_i.c">
      <Filter>Generated Files</Filter>
    </ClCompile>
    <ClCompile Include="ChatDialog.cpp">
      <Filter>Source Files</Filter>
    </ClCompile>
    <ClCompile Include="MessageReceiver.cpp">
      <Filter>Source Files</Filter>
    </ClCompile>
    <ClCompile Include="PluginItemHost.cpp">
      <Filter>Source Files</Filter>
    </ClCompile>
  </ItemGroup>
  <ItemGroup>
    <ClInclude Include="stdafx.h">
      <Filter>Header Files</Filter>
    </ClInclude>
    <ClInclude Include="targetver.h">
      <Filter>Header Files</Filter>
    </ClInclude>
    <ClInclude Include="Resource.h">
      <Filter>Header Files</Filter>
    </ClInclude>
    <ClInclude Include="dllmain.h">
      <Filter>Header Files</Filter>
    </ClInclude>
    <ClInclude Include="uomschat_i.h">
      <Filter>Generated Files</Filter>
    </ClInclude>
    <ClInclude Include="ChatDialog.h">
      <Filter>Header Files</Filter>
    </ClInclude>
    <ClInclude Include="MessageReceiver.h">
      <Filter>Header Files</Filter>
    </ClInclude>
    <ClInclude Include="PluginItemHost.h">
      <Filter>Header Files</Filter>
    </ClInclude>
  </ItemGroup>
  <ItemGroup>
    <ResourceCompile Include="uomschat.rc">
      <Filter>Resource Files</Filter>
    </ResourceCompile>
  </ItemGroup>
  <ItemGroup>
    <None Include="ReadMe.txt" />
    <None Include="uomschat.rgs">
      <Filter>Resource Files</Filter>
    </None>
    <None Include="uomschat.def">
      <Filter>Source Files</Filter>
    </None>
    <None Include="contents\icon.png">
      <Filter>Content Files</Filter>
    </None>
    <None Include="contents\plugin.xml">
      <Filter>Content Files</Filter>
    </None>
    <None Include="MessageReceiver.rgs">
      <Filter>Resource Files</Filter>
    </None>
    <None Include="PluginItemHost.rgs">
      <Filter>Resource Files</Filter>
    </None>
    <None Include="ribbon1.mfcribbon-ms">
      <Filter>Resource Files</Filter>
    </None>
  </ItemGroup>
  <ItemGroup>
    <Midl Include="uomschat.idl">
      <Filter>Source Files</Filter>
    </Midl>
    <Midl Include="wwsdkcom_forPlugin.idl">
      <Filter>Source Files</Filter>
    </Midl>
    <Midl Include="messaging.idl">
      <Filter>Source Files</Filter>
    </Midl>
  </ItemGroup>
</Project>